// !$*UTF8*$!
{
	archiveVersion = 1;
	classes = {
	};
	objectVersion = 56;
	objects = {

/* Begin PBXBuildFile section */
		1305079D297A5EA5002F0E2E /* RMService.swift in Sources */ = {isa = PBXBuildFile; fileRef = 1305079C297A5EA5002F0E2E /* RMService.swift */; };
		1305079F297A5EC4002F0E2E /* RMRequest.swift in Sources */ = {isa = PBXBuildFile; fileRef = 1305079E297A5EC4002F0E2E /* RMRequest.swift */; };
		130507A1297A6191002F0E2E /* RMEndpoint.swift in Sources */ = {isa = PBXBuildFile; fileRef = 130507A0297A6191002F0E2E /* RMEndpoint.swift */; };
		131B5D892959E5E900C2A020 /* AppDelegate.swift in Sources */ = {isa = PBXBuildFile; fileRef = 131B5D882959E5E900C2A020 /* AppDelegate.swift */; };
		131B5D8B2959E5E900C2A020 /* SceneDelegate.swift in Sources */ = {isa = PBXBuildFile; fileRef = 131B5D8A2959E5E900C2A020 /* SceneDelegate.swift */; };
		131B5D8D2959E5E900C2A020 /* RMTabBarController.swift in Sources */ = {isa = PBXBuildFile; fileRef = 131B5D8C2959E5E900C2A020 /* RMTabBarController.swift */; };
		131B5D922959E5EA00C2A020 /* Assets.xcassets in Resources */ = {isa = PBXBuildFile; fileRef = 131B5D912959E5EA00C2A020 /* Assets.xcassets */; };
		131B5D952959E5EA00C2A020 /* LaunchScreen.storyboard in Resources */ = {isa = PBXBuildFile; fileRef = 131B5D932959E5EA00C2A020 /* LaunchScreen.storyboard */; };
		1385AF7F2962FFAA0028B3CB /* RMLocation.swift in Sources */ = {isa = PBXBuildFile; fileRef = 1385AF7E2962FFAA0028B3CB /* RMLocation.swift */; };
		1385AF812962FFC30028B3CB /* RMCharacter.swift in Sources */ = {isa = PBXBuildFile; fileRef = 1385AF802962FFC30028B3CB /* RMCharacter.swift */; };
		1385AF832962FFD90028B3CB /* RMEpisode.swift in Sources */ = {isa = PBXBuildFile; fileRef = 1385AF822962FFD90028B3CB /* RMEpisode.swift */; };
		1385AF86296300F60028B3CB /* RMCharacterViewController.swift in Sources */ = {isa = PBXBuildFile; fileRef = 1385AF85296300F60028B3CB /* RMCharacterViewController.swift */; };
		1385AF88296301140028B3CB /* RMLocationViewController.swift in Sources */ = {isa = PBXBuildFile; fileRef = 1385AF87296301140028B3CB /* RMLocationViewController.swift */; };
		1385AF8A296301240028B3CB /* RMEpisodeViewController.swift in Sources */ = {isa = PBXBuildFile; fileRef = 1385AF89296301240028B3CB /* RMEpisodeViewController.swift */; };
		1385AF8C296301480028B3CB /* RMSettingsViewController.swift in Sources */ = {isa = PBXBuildFile; fileRef = 1385AF8B296301480028B3CB /* RMSettingsViewController.swift */; };
/* End PBXBuildFile section */

/* Begin PBXFileReference section */
		1305079C297A5EA5002F0E2E /* RMService.swift */ = {isa = PBXFileReference; lastKnownFileType = sourcecode.swift; path = RMService.swift; sourceTree = "<group>"; };
		1305079E297A5EC4002F0E2E /* RMRequest.swift */ = {isa = PBXFileReference; lastKnownFileType = sourcecode.swift; path = RMRequest.swift; sourceTree = "<group>"; };
		130507A0297A6191002F0E2E /* RMEndpoint.swift */ = {isa = PBXFileReference; lastKnownFileType = sourcecode.swift; path = RMEndpoint.swift; sourceTree = "<group>"; };
		131B5D852959E5E900C2A020 /* RickAndMorty.app */ = {isa = PBXFileReference; explicitFileType = wrapper.application; includeInIndex = 0; path = RickAndMorty.app; sourceTree = BUILT_PRODUCTS_DIR; };
		131B5D882959E5E900C2A020 /* AppDelegate.swift */ = {isa = PBXFileReference; lastKnownFileType = sourcecode.swift; path = AppDelegate.swift; sourceTree = "<group>"; };
		131B5D8A2959E5E900C2A020 /* SceneDelegate.swift */ = {isa = PBXFileReference; lastKnownFileType = sourcecode.swift; path = SceneDelegate.swift; sourceTree = "<group>"; };
		131B5D8C2959E5E900C2A020 /* RMTabBarController.swift */ = {isa = PBXFileReference; lastKnownFileType = sourcecode.swift; path = RMTabBarController.swift; sourceTree = "<group>"; };
		131B5D912959E5EA00C2A020 /* Assets.xcassets */ = {isa = PBXFileReference; lastKnownFileType = folder.assetcatalog; path = Assets.xcassets; sourceTree = "<group>"; };
		131B5D942959E5EA00C2A020 /* Base */ = {isa = PBXFileReference; lastKnownFileType = file.storyboard; name = Base; path = Base.lproj/LaunchScreen.storyboard; sourceTree = "<group>"; };
		131B5D962959E5EA00C2A020 /* Info.plist */ = {isa = PBXFileReference; lastKnownFileType = text.plist.xml; path = Info.plist; sourceTree = "<group>"; };
		1385AF7E2962FFAA0028B3CB /* RMLocation.swift */ = {isa = PBXFileReference; lastKnownFileType = sourcecode.swift; path = RMLocation.swift; sourceTree = "<group>"; };
		1385AF802962FFC30028B3CB /* RMCharacter.swift */ = {isa = PBXFileReference; lastKnownFileType = sourcecode.swift; path = RMCharacter.swift; sourceTree = "<group>"; };
		1385AF822962FFD90028B3CB /* RMEpisode.swift */ = {isa = PBXFileReference; lastKnownFileType = sourcecode.swift; path = RMEpisode.swift; sourceTree = "<group>"; };
		1385AF85296300F60028B3CB /* RMCharacterViewController.swift */ = {isa = PBXFileReference; lastKnownFileType = sourcecode.swift; path = RMCharacterViewController.swift; sourceTree = "<group>"; };
		1385AF87296301140028B3CB /* RMLocationViewController.swift */ = {isa = PBXFileReference; lastKnownFileType = sourcecode.swift; path = RMLocationViewController.swift; sourceTree = "<group>"; };
		1385AF89296301240028B3CB /* RMEpisodeViewController.swift */ = {isa = PBXFileReference; lastKnownFileType = sourcecode.swift; path = RMEpisodeViewController.swift; sourceTree = "<group>"; };
		1385AF8B296301480028B3CB /* RMSettingsViewController.swift */ = {isa = PBXFileReference; lastKnownFileType = sourcecode.swift; path = RMSettingsViewController.swift; sourceTree = "<group>"; };
/* End PBXFileReference section */

/* Begin PBXFrameworksBuildPhase section */
		131B5D822959E5E900C2A020 /* Frameworks */ = {
			isa = PBXFrameworksBuildPhase;
			buildActionMask = 2147483647;
			files = (
			);
			runOnlyForDeploymentPostprocessing = 0;
		};
/* End PBXFrameworksBuildPhase section */

/* Begin PBXGroup section */
		131B5D7C2959E5E900C2A020 = {
			isa = PBXGroup;
			children = (
				131B5D872959E5E900C2A020 /* RickAndMorty */,
				131B5D862959E5E900C2A020 /* Products */,
			);
			sourceTree = "<group>";
		};
		131B5D862959E5E900C2A020 /* Products */ = {
			isa = PBXGroup;
			children = (
				131B5D852959E5E900C2A020 /* RickAndMorty.app */,
			);
			name = Products;
			sourceTree = "<group>";
		};
		131B5D872959E5E900C2A020 /* RickAndMorty */ = {
			isa = PBXGroup;
			children = (
				1385AF7D2962FF030028B3CB /* Resources */,
				1385AF7C2962FEF30028B3CB /* Managers */,
				1385AF7B2962FEE00028B3CB /* APIClient */,
				1385AF7A2962FE9D0028B3CB /* ViewModels */,
				1385AF792962FE8D0028B3CB /* Views */,
				1385AF782962FE7D0028B3CB /* Models */,
				1385AF772962FE630028B3CB /* Controllers */,
				131B5D962959E5EA00C2A020 /* Info.plist */,
			);
			path = RickAndMorty;
			sourceTree = "<group>";
		};
		1385AF772962FE630028B3CB /* Controllers */ = {
			isa = PBXGroup;
			children = (
				1385AF84296300B70028B3CB /* Core */,
			);
			path = Controllers;
			sourceTree = "<group>";
		};
		1385AF782962FE7D0028B3CB /* Models */ = {
			isa = PBXGroup;
			children = (
				1385AF7E2962FFAA0028B3CB /* RMLocation.swift */,
				1385AF802962FFC30028B3CB /* RMCharacter.swift */,
				1385AF822962FFD90028B3CB /* RMEpisode.swift */,
			);
			path = Models;
			sourceTree = "<group>";
		};
		1385AF792962FE8D0028B3CB /* Views */ = {
			isa = PBXGroup;
			children = (
			);
			path = Views;
			sourceTree = "<group>";
		};
		1385AF7A2962FE9D0028B3CB /* ViewModels */ = {
			isa = PBXGroup;
			children = (
			);
			path = ViewModels;
			sourceTree = "<group>";
		};
		1385AF7B2962FEE00028B3CB /* APIClient */ = {
			isa = PBXGroup;
			children = (
				1305079C297A5EA5002F0E2E /* RMService.swift */,
				1305079E297A5EC4002F0E2E /* RMRequest.swift */,
				130507A0297A6191002F0E2E /* RMEndpoint.swift */,
			);
			path = APIClient;
			sourceTree = "<group>";
		};
		1385AF7C2962FEF30028B3CB /* Managers */ = {
			isa = PBXGroup;
			children = (
			);
			path = Managers;
			sourceTree = "<group>";
		};
		1385AF7D2962FF030028B3CB /* Resources */ = {
			isa = PBXGroup;
			children = (
				131B5D8A2959E5E900C2A020 /* SceneDelegate.swift */,
				131B5D912959E5EA00C2A020 /* Assets.xcassets */,
				131B5D932959E5EA00C2A020 /* LaunchScreen.storyboard */,
				131B5D882959E5E900C2A020 /* AppDelegate.swift */,
			);
			path = Resources;
			sourceTree = "<group>";
		};
		1385AF84296300B70028B3CB /* Core */ = {
			isa = PBXGroup;
			children = (
				131B5D8C2959E5E900C2A020 /* RMTabBarController.swift */,
				1385AF85296300F60028B3CB /* RMCharacterViewController.swift */,
				1385AF87296301140028B3CB /* RMLocationViewController.swift */,
				1385AF89296301240028B3CB /* RMEpisodeViewController.swift */,
				1385AF8B296301480028B3CB /* RMSettingsViewController.swift */,
			);
			path = Core;
			sourceTree = "<group>";
		};
/* End PBXGroup section */

/* Begin PBXNativeTarget section */
		131B5D842959E5E900C2A020 /* RickAndMorty */ = {
			isa = PBXNativeTarget;
			buildConfigurationList = 131B5D992959E5EA00C2A020 /* Build configuration list for PBXNativeTarget "RickAndMorty" */;
			buildPhases = (
				131B5D812959E5E900C2A020 /* Sources */,
				131B5D822959E5E900C2A020 /* Frameworks */,
				131B5D832959E5E900C2A020 /* Resources */,
			);
			buildRules = (
			);
			dependencies = (
			);
			name = RickAndMorty;
			productName = RickAndMorty;
			productReference = 131B5D852959E5E900C2A020 /* RickAndMorty.app */;
			productType = "com.apple.product-type.application";
		};
/* End PBXNativeTarget section */

/* Begin PBXProject section */
		131B5D7D2959E5E900C2A020 /* Project object */ = {
			isa = PBXProject;
			attributes = {
				BuildIndependentTargetsInParallel = 1;
				LastSwiftUpdateCheck = 1420;
				LastUpgradeCheck = 1420;
				TargetAttributes = {
					131B5D842959E5E900C2A020 = {
						CreatedOnToolsVersion = 14.2;
					};
				};
			};
			buildConfigurationList = 131B5D802959E5E900C2A020 /* Build configuration list for PBXProject "RickAndMorty" */;
			compatibilityVersion = "Xcode 14.0";
			developmentRegion = en;
			hasScannedForEncodings = 0;
			knownRegions = (
				en,
				Base,
			);
			mainGroup = 131B5D7C2959E5E900C2A020;
			productRefGroup = 131B5D862959E5E900C2A020 /* Products */;
			projectDirPath = "";
			projectRoot = "";
			targets = (
				131B5D842959E5E900C2A020 /* RickAndMorty */,
			);
		};
/* End PBXProject section */

/* Begin PBXResourcesBuildPhase section */
		131B5D832959E5E900C2A020 /* Resources */ = {
			isa = PBXResourcesBuildPhase;
			buildActionMask = 2147483647;
			files = (
				131B5D952959E5EA00C2A020 /* LaunchScreen.storyboard in Resources */,
				131B5D922959E5EA00C2A020 /* Assets.xcassets in Resources */,
			);
			runOnlyForDeploymentPostprocessing = 0;
		};
/* End PBXResourcesBuildPhase section */

/* Begin PBXSourcesBuildPhase section */
		131B5D812959E5E900C2A020 /* Sources */ = {
			isa = PBXSourcesBuildPhase;
			buildActionMask = 2147483647;
			files = (
				1385AF88296301140028B3CB /* RMLocationViewController.swift in Sources */,
				1385AF832962FFD90028B3CB /* RMEpisode.swift in Sources */,
				131B5D8D2959E5E900C2A020 /* RMTabBarController.swift in Sources */,
				1385AF8A296301240028B3CB /* RMEpisodeViewController.swift in Sources */,
				131B5D892959E5E900C2A020 /* AppDelegate.swift in Sources */,
				131B5D8B2959E5E900C2A020 /* SceneDelegate.swift in Sources */,
				1385AF8C296301480028B3CB /* RMSettingsViewController.swift in Sources */,
				1305079D297A5EA5002F0E2E /* RMService.swift in Sources */,
				1385AF7F2962FFAA0028B3CB /* RMLocation.swift in Sources */,
				130507A1297A6191002F0E2E /* RMEndpoint.swift in Sources */,
				1385AF812962FFC30028B3CB /* RMCharacter.swift in Sources */,
				1305079F297A5EC4002F0E2E /* RMRequest.swift in Sources */,
				1385AF86296300F60028B3CB /* RMCharacterViewController.swift in Sources */,
			);
			runOnlyForDeploymentPostprocessing = 0;
		};
/* End PBXSourcesBuildPhase section */

/* Begin PBXVariantGroup section */
		131B5D932959E5EA00C2A020 /* LaunchScreen.storyboard */ = {
			isa = PBXVariantGroup;
			children = (
				131B5D942959E5EA00C2A020 /* Base */,
			);
			name = LaunchScreen.storyboard;
			sourceTree = "<group>";
		};
/* End PBXVariantGroup section */

/* Begin XCBuildConfiguration section */
		131B5D972959E5EA00C2A020 /* Debug */ = {
			isa = XCBuildConfiguration;
			buildSettings = {
				ALWAYS_SEARCH_USER_PATHS = NO;
				CLANG_ANALYZER_NONNULL = YES;
				CLANG_ANALYZER_NUMBER_OBJECT_CONVERSION = YES_AGGRESSIVE;
				CLANG_CXX_LANGUAGE_STANDARD = "gnu++20";
				CLANG_ENABLE_MODULES = YES;
				CLANG_ENABLE_OBJC_ARC = YES;
				CLANG_ENABLE_OBJC_WEAK = YES;
				CLANG_WARN_BLOCK_CAPTURE_AUTORELEASING = YES;
				CLANG_WARN_BOOL_CONVERSION = YES;
				CLANG_WARN_COMMA = YES;
				CLANG_WARN_CONSTANT_CONVERSION = YES;
				CLANG_WARN_DEPRECATED_OBJC_IMPLEMENTATIONS = YES;
				CLANG_WARN_DIRECT_OBJC_ISA_USAGE = YES_ERROR;
				CLANG_WARN_DOCUMENTATION_COMMENTS = YES;
				CLANG_WARN_EMPTY_BODY = YES;
				CLANG_WARN_ENUM_CONVERSION = YES;
				CLANG_WARN_INFINITE_RECURSION = YES;
				CLANG_WARN_INT_CONVERSION = YES;
				CLANG_WARN_NON_LITERAL_NULL_CONVERSION = YES;
				CLANG_WARN_OBJC_IMPLICIT_RETAIN_SELF = YES;
				CLANG_WARN_OBJC_LITERAL_CONVERSION = YES;
				CLANG_WARN_OBJC_ROOT_CLASS = YES_ERROR;
				CLANG_WARN_QUOTED_INCLUDE_IN_FRAMEWORK_HEADER = YES;
				CLANG_WARN_RANGE_LOOP_ANALYSIS = YES;
				CLANG_WARN_STRICT_PROTOTYPES = YES;
				CLANG_WARN_SUSPICIOUS_MOVE = YES;
				CLANG_WARN_UNGUARDED_AVAILABILITY = YES_AGGRESSIVE;
				CLANG_WARN_UNREACHABLE_CODE = YES;
				CLANG_WARN__DUPLICATE_METHOD_MATCH = YES;
				COPY_PHASE_STRIP = NO;
				DEBUG_INFORMATION_FORMAT = dwarf;
				ENABLE_STRICT_OBJC_MSGSEND = YES;
				ENABLE_TESTABILITY = YES;
				GCC_C_LANGUAGE_STANDARD = gnu11;
				GCC_DYNAMIC_NO_PIC = NO;
				GCC_NO_COMMON_BLOCKS = YES;
				GCC_OPTIMIZATION_LEVEL = 0;
				GCC_PREPROCESSOR_DEFINITIONS = (
					"DEBUG=1",
					"$(inherited)",
				);
				GCC_WARN_64_TO_32_BIT_CONVERSION = YES;
				GCC_WARN_ABOUT_RETURN_TYPE = YES_ERROR;
				GCC_WARN_UNDECLARED_SELECTOR = YES;
				GCC_WARN_UNINITIALIZED_AUTOS = YES_AGGRESSIVE;
				GCC_WARN_UNUSED_FUNCTION = YES;
				GCC_WARN_UNUSED_VARIABLE = YES;
				IPHONEOS_DEPLOYMENT_TARGET = 16.2;
				MTL_ENABLE_DEBUG_INFO = INCLUDE_SOURCE;
				MTL_FAST_MATH = YES;
				ONLY_ACTIVE_ARCH = YES;
				SDKROOT = iphoneos;
				SWIFT_ACTIVE_COMPILATION_CONDITIONS = DEBUG;
				SWIFT_OPTIMIZATION_LEVEL = "-Onone";
			};
			name = Debug;
		};
		131B5D982959E5EA00C2A020 /* Release */ = {
			isa = XCBuildConfiguration;
			buildSettings = {
				ALWAYS_SEARCH_USER_PATHS = NO;
				CLANG_ANALYZER_NONNULL = YES;
				CLANG_ANALYZER_NUMBER_OBJECT_CONVERSION = YES_AGGRESSIVE;
				CLANG_CXX_LANGUAGE_STANDARD = "gnu++20";
				CLANG_ENABLE_MODULES = YES;
				CLANG_ENABLE_OBJC_ARC = YES;
				CLANG_ENABLE_OBJC_WEAK = YES;
				CLANG_WARN_BLOCK_CAPTURE_AUTORELEASING = YES;
				CLANG_WARN_BOOL_CONVERSION = YES;
				CLANG_WARN_COMMA = YES;
				CLANG_WARN_CONSTANT_CONVERSION = YES;
				CLANG_WARN_DEPRECATED_OBJC_IMPLEMENTATIONS = YES;
				CLANG_WARN_DIRECT_OBJC_ISA_USAGE = YES_ERROR;
				CLANG_WARN_DOCUMENTATION_COMMENTS = YES;
				CLANG_WARN_EMPTY_BODY = YES;
				CLANG_WARN_ENUM_CONVERSION = YES;
				CLANG_WARN_INFINITE_RECURSION = YES;
				CLANG_WARN_INT_CONVERSION = YES;
				CLANG_WARN_NON_LITERAL_NULL_CONVERSION = YES;
				CLANG_WARN_OBJC_IMPLICIT_RETAIN_SELF = YES;
				CLANG_WARN_OBJC_LITERAL_CONVERSION = YES;
				CLANG_WARN_OBJC_ROOT_CLASS = YES_ERROR;
				CLANG_WARN_QUOTED_INCLUDE_IN_FRAMEWORK_HEADER = YES;
				CLANG_WARN_RANGE_LOOP_ANALYSIS = YES;
				CLANG_WARN_STRICT_PROTOTYPES = YES;
				CLANG_WARN_SUSPICIOUS_MOVE = YES;
				CLANG_WARN_UNGUARDED_AVAILABILITY = YES_AGGRESSIVE;
				CLANG_WARN_UNREACHABLE_CODE = YES;
				CLANG_WARN__DUPLICATE_METHOD_MATCH = YES;
				COPY_PHASE_STRIP = NO;
				DEBUG_INFORMATION_FORMAT = "dwarf-with-dsym";
				ENABLE_NS_ASSERTIONS = NO;
				ENABLE_STRICT_OBJC_MSGSEND = YES;
				GCC_C_LANGUAGE_STANDARD = gnu11;
				GCC_NO_COMMON_BLOCKS = YES;
				GCC_WARN_64_TO_32_BIT_CONVERSION = YES;
				GCC_WARN_ABOUT_RETURN_TYPE = YES_ERROR;
				GCC_WARN_UNDECLARED_SELECTOR = YES;
				GCC_WARN_UNINITIALIZED_AUTOS = YES_AGGRESSIVE;
				GCC_WARN_UNUSED_FUNCTION = YES;
				GCC_WARN_UNUSED_VARIABLE = YES;
				IPHONEOS_DEPLOYMENT_TARGET = 16.2;
				MTL_ENABLE_DEBUG_INFO = NO;
				MTL_FAST_MATH = YES;
				SDKROOT = iphoneos;
				SWIFT_COMPILATION_MODE = wholemodule;
				SWIFT_OPTIMIZATION_LEVEL = "-O";
				VALIDATE_PRODUCT = YES;
			};
			name = Release;
		};
		131B5D9A2959E5EA00C2A020 /* Debug */ = {
			isa = XCBuildConfiguration;
			buildSettings = {
				ASSETCATALOG_COMPILER_APPICON_NAME = AppIcon;
				ASSETCATALOG_COMPILER_GLOBAL_ACCENT_COLOR_NAME = AccentColor;
				CODE_SIGN_STYLE = Automatic;
				CURRENT_PROJECT_VERSION = 1;
				GENERATE_INFOPLIST_FILE = YES;
				INFOPLIST_FILE = RickAndMorty/Info.plist;
				INFOPLIST_KEY_UIApplicationSupportsIndirectInputEvents = YES;
				INFOPLIST_KEY_UILaunchStoryboardName = LaunchScreen;
				INFOPLIST_KEY_UISupportedInterfaceOrientations_iPad = "UIInterfaceOrientationPortrait UIInterfaceOrientationPortraitUpsideDown UIInterfaceOrientationLandscapeLeft UIInterfaceOrientationLandscapeRight";
				INFOPLIST_KEY_UISupportedInterfaceOrientations_iPhone = "UIInterfaceOrientationPortrait UIInterfaceOrientationLandscapeLeft UIInterfaceOrientationLandscapeRight";
				LD_RUNPATH_SEARCH_PATHS = (
					"$(inherited)",
					"@executable_path/Frameworks",
				);
				MARKETING_VERSION = 1.0;
				PRODUCT_BUNDLE_IDENTIFIER = nazmul.RickAndMorty;
				PRODUCT_NAME = "$(TARGET_NAME)";
				SWIFT_EMIT_LOC_STRINGS = YES;
				SWIFT_VERSION = 5.0;
				TARGETED_DEVICE_FAMILY = "1,2";
			};
			name = Debug;
		};
		131B5D9B2959E5EA00C2A020 /* Release */ = {
			isa = XCBuildConfiguration;
			buildSettings = {
				ASSETCATALOG_COMPILER_APPICON_NAME = AppIcon;
				ASSETCATALOG_COMPILER_GLOBAL_ACCENT_COLOR_NAME = AccentColor;
				CODE_SIGN_STYLE = Automatic;
				CURRENT_PROJECT_VERSION = 1;
				GENERATE_INFOPLIST_FILE = YES;
				INFOPLIST_FILE = RickAndMorty/Info.plist;
				INFOPLIST_KEY_UIApplicationSupportsIndirectInputEvents = YES;
				INFOPLIST_KEY_UILaunchStoryboardName = LaunchScreen;
				INFOPLIST_KEY_UISupportedInterfaceOrientations_iPad = "UIInterfaceOrientationPortrait UIInterfaceOrientationPortraitUpsideDown UIInterfaceOrientationLandscapeLeft UIInterfaceOrientationLandscapeRight";
				INFOPLIST_KEY_UISupportedInterfaceOrientations_iPhone = "UIInterfaceOrientationPortrait UIInterfaceOrientationLandscapeLeft UIInterfaceOrientationLandscapeRight";
				LD_RUNPATH_SEARCH_PATHS = (
					"$(inherited)",
					"@executable_path/Frameworks",
				);
				MARKETING_VERSION = 1.0;
				PRODUCT_BUNDLE_IDENTIFIER = nazmul.RickAndMorty;
				PRODUCT_NAME = "$(TARGET_NAME)";
				SWIFT_EMIT_LOC_STRINGS = YES;
				SWIFT_VERSION = 5.0;
				TARGETED_DEVICE_FAMILY = "1,2";
			};
			name = Release;
		};
/* End XCBuildConfiguration section */

/* Begin XCConfigurationList section */
		131B5D802959E5E900C2A020 /* Build configuration list for PBXProject "RickAndMorty" */ = {
			isa = XCConfigurationList;
			buildConfigurations = (
				131B5D972959E5EA00C2A020 /* Debug */,
				131B5D982959E5EA00C2A020 /* Release */,
			);
			defaultConfigurationIsVisible = 0;
			defaultConfigurationName = Release;
		};
		131B5D992959E5EA00C2A020 /* Build configuration list for PBXNativeTarget "RickAndMorty" */ = {
			isa = XCConfigurationList;
			buildConfigurations = (
				131B5D9A2959E5EA00C2A020 /* Debug */,
				131B5D9B2959E5EA00C2A020 /* Release */,
			);
			defaultConfigurationIsVisible = 0;
			defaultConfigurationName = Release;
		};
/* End XCConfigurationList section */
	};
	rootObject = 131B5D7D2959E5E900C2A020 /* Project object */;
}
